
Microsoft Visual Studio Solution File, Format Version 12.00
# Visual Studio Version 17
VisualStudioVersion = 17.9.34622.214
MinimumVisualStudioVersion = 10.0.40219.1
Project("{FAE04EC0-301F-11D3-BF4B-00C04F79EFBC}") = "ExamenFinal", "ExamenFinal\ExamenFinal.csproj", "{9C6F229A-C1E6-41A7-836D-7B1F497B34AB}"
EndProject
Global
	GlobalSection(SolutionConfigurationPlatforms) = preSolution
		Debug|Any CPU = Debug|Any CPU
		Release|Any CPU = Release|Any CPU
	EndGlobalSection
	GlobalSection(ProjectConfigurationPlatforms) = postSolution
		{9C6F229A-C1E6-41A7-836D-7B1F497B34AB}.Debug|Any CPU.ActiveCfg = Debug|Any CPU
		{9C6F229A-C1E6-41A7-836D-7B1F497B34AB}.Debug|Any CPU.Build.0 = Debug|Any CPU
		{9C6F229A-C1E6-41A7-836D-7B1F497B34AB}.Release|Any CPU.ActiveCfg = Release|Any CPU
		{9C6F229A-C1E6-41A7-836D-7B1F497B34AB}.Release|Any CPU.Build.0 = Release|Any CPU
	EndGlobalSection
	GlobalSection(SolutionProperties) = preSolution
		HideSolutionNode = FALSE
	EndGlobalSection
	GlobalSection(ExtensibilityGlobals) = postSolution
		SolutionGuid = {D3E1E53F-A0AE-44E7-9BA9-04AE7C7A1278}
	EndGlobalSection
EndGlobal
